
Microsoft Visual Studio Solution File, Format Version 12.00
# Visual Studio 15
VisualStudioVersion = 15.0.28307.572
MinimumVisualStudioVersion = 10.0.40219.1
Project("{8BC9CEB8-8B4A-11D0-8D11-00A0C91BC942}") = "path", "path\path.vcxproj", "{9FA7F384-6CC6-4DEF-B21C-6543EC0DBBB4}"
EndProject
Project("{8BC9CEB8-8B4A-11D0-8D11-00A0C91BC942}") = "directory_entry", "directory_entry\directory_entry.vcxproj", "{F80C6924-E876-43C9-928E-8A50E055EA3E}"
EndProject
Project("{8BC9CEB8-8B4A-11D0-8D11-00A0C91BC942}") = "space", "space\space.vcxproj", "{B5731018-A9D9-414C-A2BB-39CD5B03F9DA}"
EndProject
Project("{8BC9CEB8-8B4A-11D0-8D11-00A0C91BC942}") = "perms", "perms\perms.vcxproj", "{FFE73F0F-3C83-4CD7-B2E3-145595B5D977}"
EndProject
Project("{8BC9CEB8-8B4A-11D0-8D11-00A0C91BC942}") = "file_time_type", "file_time_type\file_time_type.vcxproj", "{6067562E-6516-4447-B033-3F9A772C91BA}"
EndProject
Global
	GlobalSection(SolutionConfigurationPlatforms) = preSolution
		Debug|ARM = Debug|ARM
		Debug|ARM64 = Debug|ARM64
		Debug|x64 = Debug|x64
		Debug|x86 = Debug|x86
		Release|ARM = Release|ARM
		Release|ARM64 = Release|ARM64
		Release|x64 = Release|x64
		Release|x86 = Release|x86
	EndGlobalSection
	GlobalSection(ProjectConfigurationPlatforms) = postSolution
		{9FA7F384-6CC6-4DEF-B21C-6543EC0DBBB4}.Debug|ARM.ActiveCfg = Debug|Win32
		{9FA7F384-6CC6-4DEF-B21C-6543EC0DBBB4}.Debug|ARM64.ActiveCfg = Debug|Win32
		{9FA7F384-6CC6-4DEF-B21C-6543EC0DBBB4}.Debug|x64.ActiveCfg = Debug|x64
		{9FA7F384-6CC6-4DEF-B21C-6543EC0DBBB4}.Debug|x64.Build.0 = Debug|x64
		{9FA7F384-6CC6-4DEF-B21C-6543EC0DBBB4}.Debug|x86.ActiveCfg = Debug|Win32
		{9FA7F384-6CC6-4DEF-B21C-6543EC0DBBB4}.Debug|x86.Build.0 = Debug|Win32
		{9FA7F384-6CC6-4DEF-B21C-6543EC0DBBB4}.Release|ARM.ActiveCfg = Release|Win32
		{9FA7F384-6CC6-4DEF-B21C-6543EC0DBBB4}.Release|ARM64.ActiveCfg = Release|Win32
		{9FA7F384-6CC6-4DEF-B21C-6543EC0DBBB4}.Release|x64.ActiveCfg = Release|x64
		{9FA7F384-6CC6-4DEF-B21C-6543EC0DBBB4}.Release|x64.Build.0 = Release|x64
		{9FA7F384-6CC6-4DEF-B21C-6543EC0DBBB4}.Release|x86.ActiveCfg = Release|Win32
		{9FA7F384-6CC6-4DEF-B21C-6543EC0DBBB4}.Release|x86.Build.0 = Release|Win32
		{F80C6924-E876-43C9-928E-8A50E055EA3E}.Debug|ARM.ActiveCfg = Debug|ARM
		{F80C6924-E876-43C9-928E-8A50E055EA3E}.Debug|ARM.Build.0 = Debug|ARM
		{F80C6924-E876-43C9-928E-8A50E055EA3E}.Debug|ARM64.ActiveCfg = Debug|ARM64
		{F80C6924-E876-43C9-928E-8A50E055EA3E}.Debug|ARM64.Build.0 = Debug|ARM64
		{F80C6924-E876-43C9-928E-8A50E055EA3E}.Debug|x64.ActiveCfg = Debug|x64
		{F80C6924-E876-43C9-928E-8A50E055EA3E}.Debug|x64.Build.0 = Debug|x64
		{F80C6924-E876-43C9-928E-8A50E055EA3E}.Debug|x86.ActiveCfg = Debug|x86
		{F80C6924-E876-43C9-928E-8A50E055EA3E}.Debug|x86.Build.0 = Debug|x86
		{F80C6924-E876-43C9-928E-8A50E055EA3E}.Release|ARM.ActiveCfg = Release|ARM
		{F80C6924-E876-43C9-928E-8A50E055EA3E}.Release|ARM.Build.0 = Release|ARM
		{F80C6924-E876-43C9-928E-8A50E055EA3E}.Release|ARM64.ActiveCfg = Release|ARM64
		{F80C6924-E876-43C9-928E-8A50E055EA3E}.Release|ARM64.Build.0 = Release|ARM64
		{F80C6924-E876-43C9-928E-8A50E055EA3E}.Release|x64.ActiveCfg = Release|x64
		{F80C6924-E876-43C9-928E-8A50E055EA3E}.Release|x64.Build.0 = Release|x64
		{F80C6924-E876-43C9-928E-8A50E055EA3E}.Release|x86.ActiveCfg = Release|x86
		{F80C6924-E876-43C9-928E-8A50E055EA3E}.Release|x86.Build.0 = Release|x86
		{B5731018-A9D9-414C-A2BB-39CD5B03F9DA}.Debug|ARM.ActiveCfg = Debug|ARM
		{B5731018-A9D9-414C-A2BB-39CD5B03F9DA}.Debug|ARM.Build.0 = Debug|ARM
		{B5731018-A9D9-414C-A2BB-39CD5B03F9DA}.Debug|ARM64.ActiveCfg = Debug|ARM64
		{B5731018-A9D9-414C-A2BB-39CD5B03F9DA}.Debug|ARM64.Build.0 = Debug|ARM64
		{B5731018-A9D9-414C-A2BB-39CD5B03F9DA}.Debug|x64.ActiveCfg = Debug|x64
		{B5731018-A9D9-414C-A2BB-39CD5B03F9DA}.Debug|x64.Build.0 = Debug|x64
		{B5731018-A9D9-414C-A2BB-39CD5B03F9DA}.Debug|x86.ActiveCfg = Debug|x86
		{B5731018-A9D9-414C-A2BB-39CD5B03F9DA}.Debug|x86.Build.0 = Debug|x86
		{B5731018-A9D9-414C-A2BB-39CD5B03F9DA}.Release|ARM.ActiveCfg = Release|ARM
		{B5731018-A9D9-414C-A2BB-39CD5B03F9DA}.Release|ARM.Build.0 = Release|ARM
		{B5731018-A9D9-414C-A2BB-39CD5B03F9DA}.Release|ARM64.ActiveCfg = Release|ARM64
		{B5731018-A9D9-414C-A2BB-39CD5B03F9DA}.Release|ARM64.Build.0 = Release|ARM64
		{B5731018-A9D9-414C-A2BB-39CD5B03F9DA}.Release|x64.ActiveCfg = Release|x64
		{B5731018-A9D9-414C-A2BB-39CD5B03F9DA}.Release|x64.Build.0 = Release|x64
		{B5731018-A9D9-414C-A2BB-39CD5B03F9DA}.Release|x86.ActiveCfg = Release|x86
		{B5731018-A9D9-414C-A2BB-39CD5B03F9DA}.Release|x86.Build.0 = Release|x86
		{FFE73F0F-3C83-4CD7-B2E3-145595B5D977}.Debug|ARM.ActiveCfg = Debug|Win32
		{FFE73F0F-3C83-4CD7-B2E3-145595B5D977}.Debug|ARM64.ActiveCfg = Debug|Win32
		{FFE73F0F-3C83-4CD7-B2E3-145595B5D977}.Debug|x64.ActiveCfg = Debug|x64
		{FFE73F0F-3C83-4CD7-B2E3-145595B5D977}.Debug|x64.Build.0 = Debug|x64
		{FFE73F0F-3C83-4CD7-B2E3-145595B5D977}.Debug|x86.ActiveCfg = Debug|Win32
		{FFE73F0F-3C83-4CD7-B2E3-145595B5D977}.Debug|x86.Build.0 = Debug|Win32
		{FFE73F0F-3C83-4CD7-B2E3-145595B5D977}.Release|ARM.ActiveCfg = Release|Win32
		{FFE73F0F-3C83-4CD7-B2E3-145595B5D977}.Release|ARM64.ActiveCfg = Release|Win32
		{FFE73F0F-3C83-4CD7-B2E3-145595B5D977}.Release|x64.ActiveCfg = Release|x64
		{FFE73F0F-3C83-4CD7-B2E3-145595B5D977}.Release|x64.Build.0 = Release|x64
		{FFE73F0F-3C83-4CD7-B2E3-145595B5D977}.Release|x86.ActiveCfg = Release|Win32
		{FFE73F0F-3C83-4CD7-B2E3-145595B5D977}.Release|x86.Build.0 = Release|Win32
		{6067562E-6516-4447-B033-3F9A772C91BA}.Debug|ARM.ActiveCfg = Debug|Win32
		{6067562E-6516-4447-B033-3F9A772C91BA}.Debug|ARM64.ActiveCfg = Debug|Win32
		{6067562E-6516-4447-B033-3F9A772C91BA}.Debug|x64.ActiveCfg = Debug|x64
		{6067562E-6516-4447-B033-3F9A772C91BA}.Debug|x64.Build.0 = Debug|x64
		{6067562E-6516-4447-B033-3F9A772C91BA}.Debug|x86.ActiveCfg = Debug|Win32
		{6067562E-6516-4447-B033-3F9A772C91BA}.Debug|x86.Build.0 = Debug|Win32
		{6067562E-6516-4447-B033-3F9A772C91BA}.Release|ARM.ActiveCfg = Release|Win32
		{6067562E-6516-4447-B033-3F9A772C91BA}.Release|ARM64.ActiveCfg = Release|Win32
		{6067562E-6516-4447-B033-3F9A772C91BA}.Release|x64.ActiveCfg = Release|x64
		{6067562E-6516-4447-B033-3F9A772C91BA}.Release|x64.Build.0 = Release|x64
		{6067562E-6516-4447-B033-3F9A772C91BA}.Release|x86.ActiveCfg = Release|Win32
		{6067562E-6516-4447-B033-3F9A772C91BA}.Release|x86.Build.0 = Release|Win32
	EndGlobalSection
	GlobalSection(SolutionProperties) = preSolution
		HideSolutionNode = FALSE
	EndGlobalSection
	GlobalSection(ExtensibilityGlobals) = postSolution
		SolutionGuid = {099B3F96-25B2-423F-A0BA-A6F136E2FE29}
	EndGlobalSection
EndGlobal
